
Microsoft Visual Studio Solution File, Format Version 12.00
# Visual Studio 15
VisualStudioVersion = 15.0.27428.2027
MinimumVisualStudioVersion = 10.0.40219.1
Project("{FAE04EC0-301F-11D3-BF4B-00C04F79EFBC}") = "WpfApp1", "WpfApp1\WpfApp1.csproj", "{BB106979-D5F7-45C1-9F1B-91F5885076EB}"
EndProject
Global
	GlobalSection(SolutionConfigurationPlatforms) = preSolution
		Debug|Any CPU = Debug|Any CPU
		Release|Any CPU = Release|Any CPU
	EndGlobalSection
	GlobalSection(ProjectConfigurationPlatforms) = postSolution
		{BB106979-D5F7-45C1-9F1B-91F5885076EB}.Debug|Any CPU.ActiveCfg = Debug|Any CPU
		{BB106979-D5F7-45C1-9F1B-91F5885076EB}.Debug|Any CPU.Build.0 = Debug|Any CPU
		{BB106979-D5F7-45C1-9F1B-91F5885076EB}.Release|Any CPU.ActiveCfg = Release|Any CPU
		{BB106979-D5F7-45C1-9F1B-91F5885076EB}.Release|Any CPU.Build.0 = Release|Any CPU
	EndGlobalSection
	GlobalSection(SolutionProperties) = preSolution
		HideSolutionNode = FALSE
	EndGlobalSection
	GlobalSection(ExtensibilityGlobals) = postSolution
		SolutionGuid = {713F4434-0F25-46EF-9D74-EA054163DEB7}
	EndGlobalSection
EndGlobal
